
Microsoft Visual Studio Solution File, Format Version 12.00
# Visual Studio Version 17
VisualStudioVersion = 17.8.34408.163
MinimumVisualStudioVersion = 10.0.40219.1
Project("{9A19103F-16F7-4668-BE54-9A1E7A4F7556}") = "ExpenseSharing", "ExpenseSharing\ExpenseSharing.csproj", "{0941F42F-BE3F-45FD-BCC2-F6DDF8ECC287}"
	ProjectSection(ProjectDependencies) = postProject
		{8652BDD2-C0FE-43A1-BDA2-BF2FFC93DBED} = {8652BDD2-C0FE-43A1-BDA2-BF2FFC93DBED}
	EndProjectSection
EndProject
Project("{9A19103F-16F7-4668-BE54-9A1E7A4F7556}") = "BusinessLayer", "BusinessLayer\BusinessLayer.csproj", "{8652BDD2-C0FE-43A1-BDA2-BF2FFC93DBED}"
	ProjectSection(ProjectDependencies) = postProject
		{3C4DA277-8ADC-4506-8A84-33BE736C0313} = {3C4DA277-8ADC-4506-8A84-33BE736C0313}
		{EF76C1A9-9762-482A-8E05-BA4540A88A19} = {EF76C1A9-9762-482A-8E05-BA4540A88A19}
	EndProjectSection
EndProject
Project("{9A19103F-16F7-4668-BE54-9A1E7A4F7556}") = "BusinessObjectLayer", "BusinessObjectLayer\BusinessObjectLayer.csproj", "{EF76C1A9-9762-482A-8E05-BA4540A88A19}"
EndProject
Project("{9A19103F-16F7-4668-BE54-9A1E7A4F7556}") = "DataAccessLayer", "DataAccessLayer\DataAccessLayer.csproj", "{3C4DA277-8ADC-4506-8A84-33BE736C0313}"
	ProjectSection(ProjectDependencies) = postProject
		{EF76C1A9-9762-482A-8E05-BA4540A88A19} = {EF76C1A9-9762-482A-8E05-BA4540A88A19}
	EndProjectSection
EndProject
Project("{FAE04EC0-301F-11D3-BF4B-00C04F79EFBC}") = "ExpenseSharing.Tests", "ExpenseSharing.Tests\ExpenseSharing.Tests.csproj", "{96CFAF1C-86DC-4FCB-9D91-EC1184A93495}"
EndProject
Global
	GlobalSection(SolutionConfigurationPlatforms) = preSolution
		Debug|Any CPU = Debug|Any CPU
		Release|Any CPU = Release|Any CPU
	EndGlobalSection
	GlobalSection(ProjectConfigurationPlatforms) = postSolution
		{0941F42F-BE3F-45FD-BCC2-F6DDF8ECC287}.Debug|Any CPU.ActiveCfg = Debug|Any CPU
		{0941F42F-BE3F-45FD-BCC2-F6DDF8ECC287}.Debug|Any CPU.Build.0 = Debug|Any CPU
		{0941F42F-BE3F-45FD-BCC2-F6DDF8ECC287}.Release|Any CPU.ActiveCfg = Release|Any CPU
		{0941F42F-BE3F-45FD-BCC2-F6DDF8ECC287}.Release|Any CPU.Build.0 = Release|Any CPU
		{8652BDD2-C0FE-43A1-BDA2-BF2FFC93DBED}.Debug|Any CPU.ActiveCfg = Debug|Any CPU
		{8652BDD2-C0FE-43A1-BDA2-BF2FFC93DBED}.Debug|Any CPU.Build.0 = Debug|Any CPU
		{8652BDD2-C0FE-43A1-BDA2-BF2FFC93DBED}.Release|Any CPU.ActiveCfg = Release|Any CPU
		{8652BDD2-C0FE-43A1-BDA2-BF2FFC93DBED}.Release|Any CPU.Build.0 = Release|Any CPU
		{EF76C1A9-9762-482A-8E05-BA4540A88A19}.Debug|Any CPU.ActiveCfg = Debug|Any CPU
		{EF76C1A9-9762-482A-8E05-BA4540A88A19}.Debug|Any CPU.Build.0 = Debug|Any CPU
		{EF76C1A9-9762-482A-8E05-BA4540A88A19}.Release|Any CPU.ActiveCfg = Release|Any CPU
		{EF76C1A9-9762-482A-8E05-BA4540A88A19}.Release|Any CPU.Build.0 = Release|Any CPU
		{3C4DA277-8ADC-4506-8A84-33BE736C0313}.Debug|Any CPU.ActiveCfg = Debug|Any CPU
		{3C4DA277-8ADC-4506-8A84-33BE736C0313}.Debug|Any CPU.Build.0 = Debug|Any CPU
		{3C4DA277-8ADC-4506-8A84-33BE736C0313}.Release|Any CPU.ActiveCfg = Release|Any CPU
		{3C4DA277-8ADC-4506-8A84-33BE736C0313}.Release|Any CPU.Build.0 = Release|Any CPU
		{96CFAF1C-86DC-4FCB-9D91-EC1184A93495}.Debug|Any CPU.ActiveCfg = Debug|Any CPU
		{96CFAF1C-86DC-4FCB-9D91-EC1184A93495}.Debug|Any CPU.Build.0 = Debug|Any CPU
		{96CFAF1C-86DC-4FCB-9D91-EC1184A93495}.Release|Any CPU.ActiveCfg = Release|Any CPU
		{96CFAF1C-86DC-4FCB-9D91-EC1184A93495}.Release|Any CPU.Build.0 = Release|Any CPU
	EndGlobalSection
	GlobalSection(SolutionProperties) = preSolution
		HideSolutionNode = FALSE
	EndGlobalSection
	GlobalSection(ExtensibilityGlobals) = postSolution
		SolutionGuid = {0E42761D-41F5-4E7E-994D-D5F3966AEF3E}
	EndGlobalSection
EndGlobal
